
Microsoft Visual Studio Solution File, Format Version 12.00
# Visual Studio Version 16
VisualStudioVersion = 16.0.31205.134
MinimumVisualStudioVersion = 10.0.40219.1
Project("{FAE04EC0-301F-11D3-BF4B-00C04F79EFBC}") = "Project1", "Project1\Project1.csproj", "{0C01E54F-838C-486E-8929-57A33785F2C7}"
EndProject
Global
	GlobalSection(SolutionConfigurationPlatforms) = preSolution
		Debug|Any CPU = Debug|Any CPU
		Release|Any CPU = Release|Any CPU
	EndGlobalSection
	GlobalSection(ProjectConfigurationPlatforms) = postSolution
		{0C01E54F-838C-486E-8929-57A33785F2C7}.Debug|Any CPU.ActiveCfg = Debug|Any CPU
		{0C01E54F-838C-486E-8929-57A33785F2C7}.Debug|Any CPU.Build.0 = Debug|Any CPU
		{0C01E54F-838C-486E-8929-57A33785F2C7}.Release|Any CPU.ActiveCfg = Release|Any CPU
		{0C01E54F-838C-486E-8929-57A33785F2C7}.Release|Any CPU.Build.0 = Release|Any CPU
	EndGlobalSection
	GlobalSection(SolutionProperties) = preSolution
		HideSolutionNode = FALSE
	EndGlobalSection
	GlobalSection(ExtensibilityGlobals) = postSolution
		SolutionGuid = {3EB8783F-1CA8-4CA6-B1B4-245F626DE46F}
	EndGlobalSection
EndGlobal
